{
  "version": 4,
  "terraform_version": "1.6.3",
  "serial": 12,
  "lineage": "6c62c1a3-08ef-3def-d89e-09f29057d80e",
  "outputs": {},
  "resources": [
    {
      "mode": "managed",
      "type": "random_password",
      "name": "password",
      "provider": "provider[\"registry.terraform.io/hashicorp/random\"]",
      "instances": [
        {
          "schema_version": 3,
          "attributes": {
            "bcrypt_hash": "$2a$10$Lsh0TZswaeJXFUopUByUeeqTf9RExtvGnE9QFywDdHiBIymhzFXqi",
            "id": "none",
            "keepers": null,
            "length": 16,
            "lower": true,
            "min_lower": 0,
            "min_numeric": 0,
            "min_special": 0,
            "min_upper": 0,
            "number": true,
            "numeric": true,
            "override_special": "!#$%\u0026*()-_=+[]{}\u003c\u003e:?",
            "result": "\u0026Xg?XldUu\u003ckjl=b*",
            "special": true,
            "upper": true
          },
          "sensitive_attributes": []
        }
      ]
    },
    {
      "mode": "managed",
      "type": "sonarqube_group",
      "name": "first_group",
      "provider": "provider[\"registry.terraform.io/jdamata/sonarqube\"]",
      "instances": [
        {
          "schema_version": 0,
          "attributes": {
            "description": "",
            "id": "AYulhKbLcGbNrjgH9FcG",
            "name": "first_group"
          },
          "sensitive_attributes": [],
          "private": "bnVsbA=="
        }
      ]
    },
    {
      "mode": "managed",
      "type": "sonarqube_group_member",
      "name": "project_users_member",
      "provider": "provider[\"registry.terraform.io/jdamata/sonarqube\"]",
      "instances": [
        {
          "schema_version": 0,
          "attributes": {
            "id": "first_group[first]",
            "login_name": "first",
            "name": "first_group"
          },
          "sensitive_attributes": [],
          "private": "bnVsbA==",
          "dependencies": [
            "random_password.password",
            "sonarqube_group.first_group",
            "sonarqube_user.local_user"
          ]
        }
      ]
    },
    {
      "mode": "managed",
      "type": "sonarqube_project",
      "name": "main",
      "provider": "provider[\"registry.terraform.io/jdamata/sonarqube\"]",
      "instances": [
        {
          "schema_version": 0,
          "attributes": {
            "id": "first_terraform",
            "name": "first_terraform",
            "project": "first_terraform",
            "setting": [],
            "tags": null,
            "visibility": "public"
          },
          "sensitive_attributes": [],
          "private": "bnVsbA=="
        }
      ]
    },
    {
      "mode": "managed",
      "type": "sonarqube_user",
      "name": "local_user",
      "provider": "provider[\"registry.terraform.io/jdamata/sonarqube\"]",
      "instances": [
        {
          "schema_version": 0,
          "attributes": {
            "email": "",
            "id": "first",
            "is_local": true,
            "login_name": "first",
            "name": "Kirill",
            "password": "\u0026Xg?XldUu\u003ckjl=b*"
          },
          "sensitive_attributes": [
            [
              {
                "type": "get_attr",
                "value": "password"
              }
            ]
          ],
          "private": "bnVsbA==",
          "dependencies": [
            "random_password.password"
          ]
        }
      ]
    }
  ],
  "check_results": null
}
