{
  "version": 4,
  "terraform_version": "1.6.3",
  "serial": 5,
  "lineage": "6c62c1a3-08ef-3def-d89e-09f29057d80e",
  "outputs": {},
  "resources": [
    {
      "mode": "managed",
      "type": "sonarqube_group",
      "name": "first_group",
      "provider": "provider[\"registry.terraform.io/jdamata/sonarqube\"]",
      "instances": [
        {
          "schema_version": 0,
          "attributes": {
            "description": "",
            "id": "AYulhKbLcGbNrjgH9FcG",
            "name": "first_group"
          },
          "sensitive_attributes": [],
          "private": "bnVsbA=="
        }
      ]
    },
    {
      "mode": "managed",
      "type": "sonarqube_project",
      "name": "main",
      "provider": "provider[\"registry.terraform.io/jdamata/sonarqube\"]",
      "instances": [
        {
          "schema_version": 0,
          "attributes": {
            "id": "first_terraform",
            "name": "first_terraform",
            "project": "first_terraform",
            "setting": [],
            "tags": null,
            "visibility": "public"
          },
          "sensitive_attributes": [],
          "private": "bnVsbA=="
        }
      ]
    },
    {
      "mode": "managed",
      "type": "sonarqube_user",
      "name": "local_user",
      "provider": "provider[\"registry.terraform.io/jdamata/sonarqube\"]",
      "instances": [
        {
          "schema_version": 0,
          "attributes": {
            "email": "",
            "id": "first",
            "is_local": true,
            "login_name": "first",
            "name": "first",
            "password": "123"
          },
          "sensitive_attributes": [],
          "private": "bnVsbA=="
        }
      ]
    }
  ],
  "check_results": null
}
